
Microsoft Visual Studio Solution File, Format Version 12.00
# Visual Studio Version 18
VisualStudioVersion = 18.6.11822.322
MinimumVisualStudioVersion = 10.0.40219.1
Project("{2150E333-8FDC-42A3-9474-1A3956D46DE8}") = "Core", "Core", "{02EA681E-C7D8-13C7-8484-4AC65E1B71E8}"
EndProject
Project("{2150E333-8FDC-42A3-9474-1A3956D46DE8}") = "Test", "Test", "{0EC4503A-B642-4883-91D2-5D69643F932C}"
EndProject
Project("{2150E333-8FDC-42A3-9474-1A3956D46DE8}") = "DomainTest", "DomainTest", "{A47312A9-1AB2-47FE-9A30-31727D67C119}"
EndProject
Project("{2150E333-8FDC-42A3-9474-1A3956D46DE8}") = "Src", "Src", "{335EE621-1F90-4D85-9366-9A59097B95AA}"
EndProject
Project("{FAE04EC0-301F-11D3-BF4B-00C04F79EFBC}") = "RentACar.Domain", "Src\Core\RentACar.Domain\RentACar.Domain.csproj", "{245216B7-3A54-2D5E-4BD3-C24B03E1B571}"
EndProject
Project("{FAE04EC0-301F-11D3-BF4B-00C04F79EFBC}") = "RentACar.DomainTest", "Test\RentACar.DomainTest\RentACar.DomainTest.csproj", "{E84DA341-1DA0-8958-0FE9-6935F0532CC8}"
EndProject
Project("{2150E333-8FDC-42A3-9474-1A3956D46DE8}") = "Infrastructure", "Infrastructure", "{C1D8AA92-4B68-4413-BD9F-C64F0DBF3D02}"
EndProject
Project("{FAE04EC0-301F-11D3-BF4B-00C04F79EFBC}") = "RentACar.Persistence", "Infrastructure\RentACar.Persistence\RentACar.Persistence.csproj", "{BF3DF3BD-C952-4DF6-AC5D-9557F0113F03}"
EndProject
Global
	GlobalSection(SolutionConfigurationPlatforms) = preSolution
		Debug|Any CPU = Debug|Any CPU
		Release|Any CPU = Release|Any CPU
	EndGlobalSection
	GlobalSection(ProjectConfigurationPlatforms) = postSolution
		{245216B7-3A54-2D5E-4BD3-C24B03E1B571}.Debug|Any CPU.ActiveCfg = Debug|Any CPU
		{245216B7-3A54-2D5E-4BD3-C24B03E1B571}.Debug|Any CPU.Build.0 = Debug|Any CPU
		{245216B7-3A54-2D5E-4BD3-C24B03E1B571}.Release|Any CPU.ActiveCfg = Release|Any CPU
		{245216B7-3A54-2D5E-4BD3-C24B03E1B571}.Release|Any CPU.Build.0 = Release|Any CPU
		{E84DA341-1DA0-8958-0FE9-6935F0532CC8}.Debug|Any CPU.ActiveCfg = Debug|Any CPU
		{E84DA341-1DA0-8958-0FE9-6935F0532CC8}.Debug|Any CPU.Build.0 = Debug|Any CPU
		{E84DA341-1DA0-8958-0FE9-6935F0532CC8}.Release|Any CPU.ActiveCfg = Release|Any CPU
		{E84DA341-1DA0-8958-0FE9-6935F0532CC8}.Release|Any CPU.Build.0 = Release|Any CPU
		{BF3DF3BD-C952-4DF6-AC5D-9557F0113F03}.Debug|Any CPU.ActiveCfg = Debug|Any CPU
		{BF3DF3BD-C952-4DF6-AC5D-9557F0113F03}.Debug|Any CPU.Build.0 = Debug|Any CPU
		{BF3DF3BD-C952-4DF6-AC5D-9557F0113F03}.Release|Any CPU.ActiveCfg = Release|Any CPU
		{BF3DF3BD-C952-4DF6-AC5D-9557F0113F03}.Release|Any CPU.Build.0 = Release|Any CPU
	EndGlobalSection
	GlobalSection(SolutionProperties) = preSolution
		HideSolutionNode = FALSE
	EndGlobalSection
	GlobalSection(NestedProjects) = preSolution
		{02EA681E-C7D8-13C7-8484-4AC65E1B71E8} = {335EE621-1F90-4D85-9366-9A59097B95AA}
		{A47312A9-1AB2-47FE-9A30-31727D67C119} = {0EC4503A-B642-4883-91D2-5D69643F932C}
		{245216B7-3A54-2D5E-4BD3-C24B03E1B571} = {02EA681E-C7D8-13C7-8484-4AC65E1B71E8}
		{E84DA341-1DA0-8958-0FE9-6935F0532CC8} = {A47312A9-1AB2-47FE-9A30-31727D67C119}
		{C1D8AA92-4B68-4413-BD9F-C64F0DBF3D02} = {335EE621-1F90-4D85-9366-9A59097B95AA}
		{BF3DF3BD-C952-4DF6-AC5D-9557F0113F03} = {C1D8AA92-4B68-4413-BD9F-C64F0DBF3D02}
	EndGlobalSection
	GlobalSection(ExtensibilityGlobals) = postSolution
		SolutionGuid = {E26268B3-FD83-40DB-9242-27A848422564}
	EndGlobalSection
EndGlobal
